
Microsoft Visual Studio Solution File, Format Version 12.00
# Visual Studio Version 17
VisualStudioVersion = 17.1.32421.90
MinimumVisualStudioVersion = 10.0.40219.1
Project("{FAE04EC0-301F-11D3-BF4B-00C04F79EFBC}") = "IT213_Wolfhope_Unit1", "IT213_Wolfhope_Unit1\IT213_Wolfhope_Unit1.csproj", "{7AE063FC-61ED-4C0E-84C2-AD4133C8D3C5}"
EndProject
Global
	GlobalSection(SolutionConfigurationPlatforms) = preSolution
		Debug|Any CPU = Debug|Any CPU
		Release|Any CPU = Release|Any CPU
	EndGlobalSection
	GlobalSection(ProjectConfigurationPlatforms) = postSolution
		{7AE063FC-61ED-4C0E-84C2-AD4133C8D3C5}.Debug|Any CPU.ActiveCfg = Debug|Any CPU
		{7AE063FC-61ED-4C0E-84C2-AD4133C8D3C5}.Debug|Any CPU.Build.0 = Debug|Any CPU
		{7AE063FC-61ED-4C0E-84C2-AD4133C8D3C5}.Release|Any CPU.ActiveCfg = Release|Any CPU
		{7AE063FC-61ED-4C0E-84C2-AD4133C8D3C5}.Release|Any CPU.Build.0 = Release|Any CPU
	EndGlobalSection
	GlobalSection(SolutionProperties) = preSolution
		HideSolutionNode = FALSE
	EndGlobalSection
	GlobalSection(ExtensibilityGlobals) = postSolution
		SolutionGuid = {76FF2018-D0CA-44C8-894E-6B57C94BCB1A}
	EndGlobalSection
EndGlobal
